
Microsoft Visual Studio Solution File, Format Version 12.00
# Visual Studio 15
VisualStudioVersion = 15.0.28307.645
MinimumVisualStudioVersion = 10.0.40219.1
Project("{FAE04EC0-301F-11D3-BF4B-00C04F79EFBC}") = "exercicio03", "exercicio03\exercicio03.csproj", "{ACD47F53-FEF0-4A32-93B6-C14720F68382}"
EndProject
Global
	GlobalSection(SolutionConfigurationPlatforms) = preSolution
		Debug|Any CPU = Debug|Any CPU
		Release|Any CPU = Release|Any CPU
	EndGlobalSection
	GlobalSection(ProjectConfigurationPlatforms) = postSolution
		{ACD47F53-FEF0-4A32-93B6-C14720F68382}.Debug|Any CPU.ActiveCfg = Debug|Any CPU
		{ACD47F53-FEF0-4A32-93B6-C14720F68382}.Debug|Any CPU.Build.0 = Debug|Any CPU
		{ACD47F53-FEF0-4A32-93B6-C14720F68382}.Release|Any CPU.ActiveCfg = Release|Any CPU
		{ACD47F53-FEF0-4A32-93B6-C14720F68382}.Release|Any CPU.Build.0 = Release|Any CPU
	EndGlobalSection
	GlobalSection(SolutionProperties) = preSolution
		HideSolutionNode = FALSE
	EndGlobalSection
	GlobalSection(ExtensibilityGlobals) = postSolution
		SolutionGuid = {B184201D-5887-4A49-8757-AE8427755B2F}
	EndGlobalSection
EndGlobal
